
Microsoft Visual Studio Solution File, Format Version 12.00
# Visual Studio Version 16
VisualStudioVersion = 25.0.1705.4
MinimumVisualStudioVersion = 10.0.40219.1
Project("{FAE04EC0-301F-11D3-BF4B-00C04F79EFBC}") = "Hillel_Lesson18_HW", "Hillel_Lesson18_HW\Hillel_Lesson18_HW.csproj", "{CE7E4194-F6D1-4144-A31D-68777CA3B959}"
EndProject
Global
	GlobalSection(SolutionConfigurationPlatforms) = preSolution
		Debug|Any CPU = Debug|Any CPU
		Release|Any CPU = Release|Any CPU
	EndGlobalSection
	GlobalSection(ProjectConfigurationPlatforms) = postSolution
		{CE7E4194-F6D1-4144-A31D-68777CA3B959}.Debug|Any CPU.ActiveCfg = Debug|Any CPU
		{CE7E4194-F6D1-4144-A31D-68777CA3B959}.Debug|Any CPU.Build.0 = Debug|Any CPU
		{CE7E4194-F6D1-4144-A31D-68777CA3B959}.Release|Any CPU.ActiveCfg = Release|Any CPU
		{CE7E4194-F6D1-4144-A31D-68777CA3B959}.Release|Any CPU.Build.0 = Release|Any CPU
	EndGlobalSection
	GlobalSection(SolutionProperties) = preSolution
		HideSolutionNode = FALSE
	EndGlobalSection
	GlobalSection(ExtensibilityGlobals) = postSolution
		SolutionGuid = {1B617DC5-7941-45CC-A4E3-9E60A69C276B}
	EndGlobalSection
EndGlobal
